// !$*UTF8*$!
{
	archiveVersion = 1;
	classes = {
	};
	objectVersion = 50;
	objects = {

/* Begin PBXBuildFile section */
		18D7865FBA51401CBAA9190B /* Pods_LoginWithRxAndMvpTests.framework in Frameworks */ = {isa = PBXBuildFile; fileRef = 869C43758B22D7B3C14A7769 /* Pods_LoginWithRxAndMvpTests.framework */; };
		3A8D7F5E21BCCCD900C8AE57 /* AppDelegate.swift in Sources */ = {isa = PBXBuildFile; fileRef = 3A8D7F5D21BCCCD900C8AE57 /* AppDelegate.swift */; };
		3A8D7F6021BCCCD900C8AE57 /* LoginViewController.swift in Sources */ = {isa = PBXBuildFile; fileRef = 3A8D7F5F21BCCCD900C8AE57 /* LoginViewController.swift */; };
		3A8D7F6321BCCCD900C8AE57 /* Main.storyboard in Resources */ = {isa = PBXBuildFile; fileRef = 3A8D7F6121BCCCD900C8AE57 /* Main.storyboard */; };
		3A8D7F6621BCCCD900C8AE57 /* LoginWithRxAndMvp.xcdatamodeld in Sources */ = {isa = PBXBuildFile; fileRef = 3A8D7F6421BCCCD900C8AE57 /* LoginWithRxAndMvp.xcdatamodeld */; };
		3A8D7F6821BCCCDA00C8AE57 /* Assets.xcassets in Resources */ = {isa = PBXBuildFile; fileRef = 3A8D7F6721BCCCDA00C8AE57 /* Assets.xcassets */; };
		3A8D7F6B21BCCCDA00C8AE57 /* LaunchScreen.storyboard in Resources */ = {isa = PBXBuildFile; fileRef = 3A8D7F6921BCCCDA00C8AE57 /* LaunchScreen.storyboard */; };
		3A8D7F7621BCCCDB00C8AE57 /* LoginWithRxAndMvpTests.swift in Sources */ = {isa = PBXBuildFile; fileRef = 3A8D7F7521BCCCDB00C8AE57 /* LoginWithRxAndMvpTests.swift */; };
		3A8D7F8221BCD9A100C8AE57 /* BasePresenter.swift in Sources */ = {isa = PBXBuildFile; fileRef = 3A8D7F8121BCD9A100C8AE57 /* BasePresenter.swift */; };
		3A8D7F8521BCDAAF00C8AE57 /* LoginPresenterImpl.swift in Sources */ = {isa = PBXBuildFile; fileRef = 3A8D7F8421BCDAAF00C8AE57 /* LoginPresenterImpl.swift */; };
		3A8D7F8721BCDAC700C8AE57 /* LoginContract.swift in Sources */ = {isa = PBXBuildFile; fileRef = 3A8D7F8621BCDAC700C8AE57 /* LoginContract.swift */; };
		3A8D7F8D21BCEE6B00C8AE57 /* UserRepository.swift in Sources */ = {isa = PBXBuildFile; fileRef = 3A8D7F8C21BCEE6B00C8AE57 /* UserRepository.swift */; };
		3A8D7F8F21BCEE7F00C8AE57 /* UserRepositoryImpl.swift in Sources */ = {isa = PBXBuildFile; fileRef = 3A8D7F8E21BCEE7F00C8AE57 /* UserRepositoryImpl.swift */; };
		3A8D7F9321BCEF7E00C8AE57 /* UserRemoteRepo.swift in Sources */ = {isa = PBXBuildFile; fileRef = 3A8D7F9221BCEF7E00C8AE57 /* UserRemoteRepo.swift */; };
		3A8D7F9521BCEF8E00C8AE57 /* UserRemoteImpl.swift in Sources */ = {isa = PBXBuildFile; fileRef = 3A8D7F9421BCEF8E00C8AE57 /* UserRemoteImpl.swift */; };
		3A8D7F9721BCEFC600C8AE57 /* UserLocalRepo.swift in Sources */ = {isa = PBXBuildFile; fileRef = 3A8D7F9621BCEFC600C8AE57 /* UserLocalRepo.swift */; };
		3A8D7F9921BCEFD400C8AE57 /* UserLocalImpl.swift in Sources */ = {isa = PBXBuildFile; fileRef = 3A8D7F9821BCEFD400C8AE57 /* UserLocalImpl.swift */; };
		3A8D7F9C21BCF05800C8AE57 /* ApiService.swift in Sources */ = {isa = PBXBuildFile; fileRef = 3A8D7F9B21BCF05800C8AE57 /* ApiService.swift */; };
		3A8D7F9E21BCF06600C8AE57 /* BaseResponse.swift in Sources */ = {isa = PBXBuildFile; fileRef = 3A8D7F9D21BCF06600C8AE57 /* BaseResponse.swift */; };
		3A8D7FA021BCF0B600C8AE57 /* FailedResponseException.swift in Sources */ = {isa = PBXBuildFile; fileRef = 3A8D7F9F21BCF0B600C8AE57 /* FailedResponseException.swift */; };
		3A8D7FA321BCF26600C8AE57 /* LoginRequest.swift in Sources */ = {isa = PBXBuildFile; fileRef = 3A8D7FA221BCF26600C8AE57 /* LoginRequest.swift */; };
		3A8D7FA521BCF26F00C8AE57 /* LoginResponse.swift in Sources */ = {isa = PBXBuildFile; fileRef = 3A8D7FA421BCF26F00C8AE57 /* LoginResponse.swift */; };
		3A8D7FA921BD146F00C8AE57 /* Utils.swift in Sources */ = {isa = PBXBuildFile; fileRef = 3A8D7FA821BD146F00C8AE57 /* Utils.swift */; };
		3A8D7FAB21BD147A00C8AE57 /* Urls.swift in Sources */ = {isa = PBXBuildFile; fileRef = 3A8D7FAA21BD147A00C8AE57 /* Urls.swift */; };
		3A8D7FAD21BD149100C8AE57 /* ObservableType.swift in Sources */ = {isa = PBXBuildFile; fileRef = 3A8D7FAC21BD149100C8AE57 /* ObservableType.swift */; };
		3A8D7FAF21BD14A900C8AE57 /* NotNullMapper.swift in Sources */ = {isa = PBXBuildFile; fileRef = 3A8D7FAE21BD14A900C8AE57 /* NotNullMapper.swift */; };
		3A8D7FB221BD200500C8AE57 /* UserRouter.swift in Sources */ = {isa = PBXBuildFile; fileRef = 3A8D7FB121BD200500C8AE57 /* UserRouter.swift */; };
		3A8D7FB421BD23D300C8AE57 /* Extensions.swift in Sources */ = {isa = PBXBuildFile; fileRef = 3A8D7FB321BD23D300C8AE57 /* Extensions.swift */; };
		3A8D7FB721BD2D4400C8AE57 /* PreferenceManager.swift in Sources */ = {isa = PBXBuildFile; fileRef = 3A8D7FB621BD2D4400C8AE57 /* PreferenceManager.swift */; };
		FFE13F4EFEB68B0E18155646 /* Pods_LoginWithRxAndMvp.framework in Frameworks */ = {isa = PBXBuildFile; fileRef = 934A38B349967F9F6500C726 /* Pods_LoginWithRxAndMvp.framework */; };
/* End PBXBuildFile section */

/* Begin PBXContainerItemProxy section */
		3A8D7F7221BCCCDB00C8AE57 /* PBXContainerItemProxy */ = {
			isa = PBXContainerItemProxy;
			containerPortal = 3A8D7F5221BCCCD900C8AE57 /* Project object */;
			proxyType = 1;
			remoteGlobalIDString = 3A8D7F5921BCCCD900C8AE57;
			remoteInfo = LoginWithRxAndMvp;
		};
/* End PBXContainerItemProxy section */

/* Begin PBXFileReference section */
		2B72C52BD80CAED52DB099AA /* Pods-LoginWithRxAndMvpTests.debug.xcconfig */ = {isa = PBXFileReference; includeInIndex = 1; lastKnownFileType = text.xcconfig; name = "Pods-LoginWithRxAndMvpTests.debug.xcconfig"; path = "Target Support Files/Pods-LoginWithRxAndMvpTests/Pods-LoginWithRxAndMvpTests.debug.xcconfig"; sourceTree = "<group>"; };
		3A8D7F5A21BCCCD900C8AE57 /* LoginWithRxAndMvp.app */ = {isa = PBXFileReference; explicitFileType = wrapper.application; includeInIndex = 0; path = LoginWithRxAndMvp.app; sourceTree = BUILT_PRODUCTS_DIR; };
		3A8D7F5D21BCCCD900C8AE57 /* AppDelegate.swift */ = {isa = PBXFileReference; lastKnownFileType = sourcecode.swift; path = AppDelegate.swift; sourceTree = "<group>"; };
		3A8D7F5F21BCCCD900C8AE57 /* LoginViewController.swift */ = {isa = PBXFileReference; lastKnownFileType = sourcecode.swift; path = LoginViewController.swift; sourceTree = "<group>"; };
		3A8D7F6221BCCCD900C8AE57 /* Base */ = {isa = PBXFileReference; lastKnownFileType = file.storyboard; name = Base; path = Base.lproj/Main.storyboard; sourceTree = "<group>"; };
		3A8D7F6521BCCCD900C8AE57 /* LoginWithRxAndMvp.xcdatamodel */ = {isa = PBXFileReference; lastKnownFileType = wrapper.xcdatamodel; path = LoginWithRxAndMvp.xcdatamodel; sourceTree = "<group>"; };
		3A8D7F6721BCCCDA00C8AE57 /* Assets.xcassets */ = {isa = PBXFileReference; lastKnownFileType = folder.assetcatalog; path = Assets.xcassets; sourceTree = "<group>"; };
		3A8D7F6A21BCCCDA00C8AE57 /* Base */ = {isa = PBXFileReference; lastKnownFileType = file.storyboard; name = Base; path = Base.lproj/LaunchScreen.storyboard; sourceTree = "<group>"; };
		3A8D7F6C21BCCCDA00C8AE57 /* Info.plist */ = {isa = PBXFileReference; lastKnownFileType = text.plist.xml; path = Info.plist; sourceTree = "<group>"; };
		3A8D7F7121BCCCDB00C8AE57 /* LoginWithRxAndMvpTests.xctest */ = {isa = PBXFileReference; explicitFileType = wrapper.cfbundle; includeInIndex = 0; path = LoginWithRxAndMvpTests.xctest; sourceTree = BUILT_PRODUCTS_DIR; };
		3A8D7F7521BCCCDB00C8AE57 /* LoginWithRxAndMvpTests.swift */ = {isa = PBXFileReference; lastKnownFileType = sourcecode.swift; path = LoginWithRxAndMvpTests.swift; sourceTree = "<group>"; };
		3A8D7F7721BCCCDB00C8AE57 /* Info.plist */ = {isa = PBXFileReference; lastKnownFileType = text.plist.xml; path = Info.plist; sourceTree = "<group>"; };
		3A8D7F8121BCD9A100C8AE57 /* BasePresenter.swift */ = {isa = PBXFileReference; lastKnownFileType = sourcecode.swift; path = BasePresenter.swift; sourceTree = "<group>"; };
		3A8D7F8421BCDAAF00C8AE57 /* LoginPresenterImpl.swift */ = {isa = PBXFileReference; lastKnownFileType = sourcecode.swift; path = LoginPresenterImpl.swift; sourceTree = "<group>"; };
		3A8D7F8621BCDAC700C8AE57 /* LoginContract.swift */ = {isa = PBXFileReference; lastKnownFileType = sourcecode.swift; path = LoginContract.swift; sourceTree = "<group>"; };
		3A8D7F8C21BCEE6B00C8AE57 /* UserRepository.swift */ = {isa = PBXFileReference; lastKnownFileType = sourcecode.swift; path = UserRepository.swift; sourceTree = "<group>"; };
		3A8D7F8E21BCEE7F00C8AE57 /* UserRepositoryImpl.swift */ = {isa = PBXFileReference; lastKnownFileType = sourcecode.swift; path = UserRepositoryImpl.swift; sourceTree = "<group>"; };
		3A8D7F9221BCEF7E00C8AE57 /* UserRemoteRepo.swift */ = {isa = PBXFileReference; lastKnownFileType = sourcecode.swift; path = UserRemoteRepo.swift; sourceTree = "<group>"; };
		3A8D7F9421BCEF8E00C8AE57 /* UserRemoteImpl.swift */ = {isa = PBXFileReference; lastKnownFileType = sourcecode.swift; path = UserRemoteImpl.swift; sourceTree = "<group>"; };
		3A8D7F9621BCEFC600C8AE57 /* UserLocalRepo.swift */ = {isa = PBXFileReference; lastKnownFileType = sourcecode.swift; path = UserLocalRepo.swift; sourceTree = "<group>"; };
		3A8D7F9821BCEFD400C8AE57 /* UserLocalImpl.swift */ = {isa = PBXFileReference; lastKnownFileType = sourcecode.swift; path = UserLocalImpl.swift; sourceTree = "<group>"; };
		3A8D7F9B21BCF05800C8AE57 /* ApiService.swift */ = {isa = PBXFileReference; lastKnownFileType = sourcecode.swift; path = ApiService.swift; sourceTree = "<group>"; };
		3A8D7F9D21BCF06600C8AE57 /* BaseResponse.swift */ = {isa = PBXFileReference; lastKnownFileType = sourcecode.swift; path = BaseResponse.swift; sourceTree = "<group>"; };
		3A8D7F9F21BCF0B600C8AE57 /* FailedResponseException.swift */ = {isa = PBXFileReference; lastKnownFileType = sourcecode.swift; path = FailedResponseException.swift; sourceTree = "<group>"; };
		3A8D7FA221BCF26600C8AE57 /* LoginRequest.swift */ = {isa = PBXFileReference; lastKnownFileType = sourcecode.swift; path = LoginRequest.swift; sourceTree = "<group>"; };
		3A8D7FA421BCF26F00C8AE57 /* LoginResponse.swift */ = {isa = PBXFileReference; lastKnownFileType = sourcecode.swift; path = LoginResponse.swift; sourceTree = "<group>"; };
		3A8D7FA821BD146F00C8AE57 /* Utils.swift */ = {isa = PBXFileReference; lastKnownFileType = sourcecode.swift; path = Utils.swift; sourceTree = "<group>"; };
		3A8D7FAA21BD147A00C8AE57 /* Urls.swift */ = {isa = PBXFileReference; lastKnownFileType = sourcecode.swift; path = Urls.swift; sourceTree = "<group>"; };
		3A8D7FAC21BD149100C8AE57 /* ObservableType.swift */ = {isa = PBXFileReference; lastKnownFileType = sourcecode.swift; path = ObservableType.swift; sourceTree = "<group>"; };
		3A8D7FAE21BD14A900C8AE57 /* NotNullMapper.swift */ = {isa = PBXFileReference; lastKnownFileType = sourcecode.swift; path = NotNullMapper.swift; sourceTree = "<group>"; };
		3A8D7FB121BD200500C8AE57 /* UserRouter.swift */ = {isa = PBXFileReference; lastKnownFileType = sourcecode.swift; path = UserRouter.swift; sourceTree = "<group>"; };
		3A8D7FB321BD23D300C8AE57 /* Extensions.swift */ = {isa = PBXFileReference; lastKnownFileType = sourcecode.swift; path = Extensions.swift; sourceTree = "<group>"; };
		3A8D7FB621BD2D4400C8AE57 /* PreferenceManager.swift */ = {isa = PBXFileReference; lastKnownFileType = sourcecode.swift; path = PreferenceManager.swift; sourceTree = "<group>"; };
		572D71F5B02F2C84E4EE9579 /* Pods-LoginWithRxAndMvpTests.release.xcconfig */ = {isa = PBXFileReference; includeInIndex = 1; lastKnownFileType = text.xcconfig; name = "Pods-LoginWithRxAndMvpTests.release.xcconfig"; path = "Target Support Files/Pods-LoginWithRxAndMvpTests/Pods-LoginWithRxAndMvpTests.release.xcconfig"; sourceTree = "<group>"; };
		869C43758B22D7B3C14A7769 /* Pods_LoginWithRxAndMvpTests.framework */ = {isa = PBXFileReference; explicitFileType = wrapper.framework; includeInIndex = 0; path = Pods_LoginWithRxAndMvpTests.framework; sourceTree = BUILT_PRODUCTS_DIR; };
		934A38B349967F9F6500C726 /* Pods_LoginWithRxAndMvp.framework */ = {isa = PBXFileReference; explicitFileType = wrapper.framework; includeInIndex = 0; path = Pods_LoginWithRxAndMvp.framework; sourceTree = BUILT_PRODUCTS_DIR; };
		DB4A5C9B18B2AE88D095A3FF /* Pods-LoginWithRxAndMvp.debug.xcconfig */ = {isa = PBXFileReference; includeInIndex = 1; lastKnownFileType = text.xcconfig; name = "Pods-LoginWithRxAndMvp.debug.xcconfig"; path = "Target Support Files/Pods-LoginWithRxAndMvp/Pods-LoginWithRxAndMvp.debug.xcconfig"; sourceTree = "<group>"; };
		E4CCBC2CDB29C37372A4FF9A /* Pods-LoginWithRxAndMvp.release.xcconfig */ = {isa = PBXFileReference; includeInIndex = 1; lastKnownFileType = text.xcconfig; name = "Pods-LoginWithRxAndMvp.release.xcconfig"; path = "Target Support Files/Pods-LoginWithRxAndMvp/Pods-LoginWithRxAndMvp.release.xcconfig"; sourceTree = "<group>"; };
/* End PBXFileReference section */

/* Begin PBXFrameworksBuildPhase section */
		3A8D7F5721BCCCD900C8AE57 /* Frameworks */ = {
			isa = PBXFrameworksBuildPhase;
			buildActionMask = 2147483647;
			files = (
				FFE13F4EFEB68B0E18155646 /* Pods_LoginWithRxAndMvp.framework in Frameworks */,
			);
			runOnlyForDeploymentPostprocessing = 0;
		};
		3A8D7F6E21BCCCDB00C8AE57 /* Frameworks */ = {
			isa = PBXFrameworksBuildPhase;
			buildActionMask = 2147483647;
			files = (
				18D7865FBA51401CBAA9190B /* Pods_LoginWithRxAndMvpTests.framework in Frameworks */,
			);
			runOnlyForDeploymentPostprocessing = 0;
		};
/* End PBXFrameworksBuildPhase section */

/* Begin PBXGroup section */
		11656FBFBAC27160ABC62AAC /* Pods */ = {
			isa = PBXGroup;
			children = (
				DB4A5C9B18B2AE88D095A3FF /* Pods-LoginWithRxAndMvp.debug.xcconfig */,
				E4CCBC2CDB29C37372A4FF9A /* Pods-LoginWithRxAndMvp.release.xcconfig */,
				2B72C52BD80CAED52DB099AA /* Pods-LoginWithRxAndMvpTests.debug.xcconfig */,
				572D71F5B02F2C84E4EE9579 /* Pods-LoginWithRxAndMvpTests.release.xcconfig */,
			);
			path = Pods;
			sourceTree = "<group>";
		};
		3A8D7F5121BCCCD900C8AE57 = {
			isa = PBXGroup;
			children = (
				3A8D7F5C21BCCCD900C8AE57 /* LoginWithRxAndMvp */,
				3A8D7F7421BCCCDB00C8AE57 /* LoginWithRxAndMvpTests */,
				3A8D7F5B21BCCCD900C8AE57 /* Products */,
				11656FBFBAC27160ABC62AAC /* Pods */,
				5BCD53485E4AF59A41F7F679 /* Frameworks */,
			);
			sourceTree = "<group>";
		};
		3A8D7F5B21BCCCD900C8AE57 /* Products */ = {
			isa = PBXGroup;
			children = (
				3A8D7F5A21BCCCD900C8AE57 /* LoginWithRxAndMvp.app */,
				3A8D7F7121BCCCDB00C8AE57 /* LoginWithRxAndMvpTests.xctest */,
			);
			name = Products;
			sourceTree = "<group>";
		};
		3A8D7F5C21BCCCD900C8AE57 /* LoginWithRxAndMvp */ = {
			isa = PBXGroup;
			children = (
				3A8D7FB521BD2D3700C8AE57 /* prefs */,
				3A8D7FB021BD1FEA00C8AE57 /* router */,
				3A8D7F9A21BCF03400C8AE57 /* network */,
				3A8D7F8A21BCEE2400C8AE57 /* data */,
				3A8D7F8321BCDA7600C8AE57 /* login */,
				3A8D7F8021BCD98200C8AE57 /* base */,
				3A8D7FA121BCF25300C8AE57 /* domain */,
				3A8D7FA721BD144200C8AE57 /* utils */,
				3A8D7F5D21BCCCD900C8AE57 /* AppDelegate.swift */,
				3A8D7F6121BCCCD900C8AE57 /* Main.storyboard */,
				3A8D7F6721BCCCDA00C8AE57 /* Assets.xcassets */,
				3A8D7F6921BCCCDA00C8AE57 /* LaunchScreen.storyboard */,
				3A8D7F6C21BCCCDA00C8AE57 /* Info.plist */,
				3A8D7F6421BCCCD900C8AE57 /* LoginWithRxAndMvp.xcdatamodeld */,
			);
			path = LoginWithRxAndMvp;
			sourceTree = "<group>";
		};
		3A8D7F7421BCCCDB00C8AE57 /* LoginWithRxAndMvpTests */ = {
			isa = PBXGroup;
			children = (
				3A8D7F7521BCCCDB00C8AE57 /* LoginWithRxAndMvpTests.swift */,
				3A8D7F7721BCCCDB00C8AE57 /* Info.plist */,
			);
			path = LoginWithRxAndMvpTests;
			sourceTree = "<group>";
		};
		3A8D7F8021BCD98200C8AE57 /* base */ = {
			isa = PBXGroup;
			children = (
				3A8D7F8121BCD9A100C8AE57 /* BasePresenter.swift */,
			);
			path = base;
			sourceTree = "<group>";
		};
		3A8D7F8321BCDA7600C8AE57 /* login */ = {
			isa = PBXGroup;
			children = (
				3A8D7F5F21BCCCD900C8AE57 /* LoginViewController.swift */,
				3A8D7F8421BCDAAF00C8AE57 /* LoginPresenterImpl.swift */,
				3A8D7F8621BCDAC700C8AE57 /* LoginContract.swift */,
			);
			path = login;
			sourceTree = "<group>";
		};
		3A8D7F8A21BCEE2400C8AE57 /* data */ = {
			isa = PBXGroup;
			children = (
				3A8D7F9121BCEE9200C8AE57 /* remote */,
				3A8D7F9021BCEE8900C8AE57 /* local */,
				3A8D7F8B21BCEE4A00C8AE57 /* repository */,
			);
			path = data;
			sourceTree = "<group>";
		};
		3A8D7F8B21BCEE4A00C8AE57 /* repository */ = {
			isa = PBXGroup;
			children = (
				3A8D7F8C21BCEE6B00C8AE57 /* UserRepository.swift */,
				3A8D7F8E21BCEE7F00C8AE57 /* UserRepositoryImpl.swift */,
			);
			path = repository;
			sourceTree = "<group>";
		};
		3A8D7F9021BCEE8900C8AE57 /* local */ = {
			isa = PBXGroup;
			children = (
				3A8D7F9621BCEFC600C8AE57 /* UserLocalRepo.swift */,
				3A8D7F9821BCEFD400C8AE57 /* UserLocalImpl.swift */,
			);
			path = local;
			sourceTree = "<group>";
		};
		3A8D7F9121BCEE9200C8AE57 /* remote */ = {
			isa = PBXGroup;
			children = (
				3A8D7F9221BCEF7E00C8AE57 /* UserRemoteRepo.swift */,
				3A8D7F9421BCEF8E00C8AE57 /* UserRemoteImpl.swift */,
			);
			path = remote;
			sourceTree = "<group>";
		};
		3A8D7F9A21BCF03400C8AE57 /* network */ = {
			isa = PBXGroup;
			children = (
				3A8D7F9B21BCF05800C8AE57 /* ApiService.swift */,
				3A8D7F9D21BCF06600C8AE57 /* BaseResponse.swift */,
				3A8D7F9F21BCF0B600C8AE57 /* FailedResponseException.swift */,
			);
			path = network;
			sourceTree = "<group>";
		};
		3A8D7FA121BCF25300C8AE57 /* domain */ = {
			isa = PBXGroup;
			children = (
				3A8D7FA621BCF27400C8AE57 /* login */,
			);
			path = domain;
			sourceTree = "<group>";
		};
		3A8D7FA621BCF27400C8AE57 /* login */ = {
			isa = PBXGroup;
			children = (
				3A8D7FA221BCF26600C8AE57 /* LoginRequest.swift */,
				3A8D7FA421BCF26F00C8AE57 /* LoginResponse.swift */,
			);
			path = login;
			sourceTree = "<group>";
		};
		3A8D7FA721BD144200C8AE57 /* utils */ = {
			isa = PBXGroup;
			children = (
				3A8D7FA821BD146F00C8AE57 /* Utils.swift */,
				3A8D7FAA21BD147A00C8AE57 /* Urls.swift */,
				3A8D7FAC21BD149100C8AE57 /* ObservableType.swift */,
				3A8D7FAE21BD14A900C8AE57 /* NotNullMapper.swift */,
				3A8D7FB321BD23D300C8AE57 /* Extensions.swift */,
			);
			path = utils;
			sourceTree = "<group>";
		};
		3A8D7FB021BD1FEA00C8AE57 /* router */ = {
			isa = PBXGroup;
			children = (
				3A8D7FB121BD200500C8AE57 /* UserRouter.swift */,
			);
			path = router;
			sourceTree = "<group>";
		};
		3A8D7FB521BD2D3700C8AE57 /* prefs */ = {
			isa = PBXGroup;
			children = (
				3A8D7FB621BD2D4400C8AE57 /* PreferenceManager.swift */,
			);
			path = prefs;
			sourceTree = "<group>";
		};
		5BCD53485E4AF59A41F7F679 /* Frameworks */ = {
			isa = PBXGroup;
			children = (
				934A38B349967F9F6500C726 /* Pods_LoginWithRxAndMvp.framework */,
				869C43758B22D7B3C14A7769 /* Pods_LoginWithRxAndMvpTests.framework */,
			);
			name = Frameworks;
			sourceTree = "<group>";
		};
/* End PBXGroup section */

/* Begin PBXNativeTarget section */
		3A8D7F5921BCCCD900C8AE57 /* LoginWithRxAndMvp */ = {
			isa = PBXNativeTarget;
			buildConfigurationList = 3A8D7F7A21BCCCDB00C8AE57 /* Build configuration list for PBXNativeTarget "LoginWithRxAndMvp" */;
			buildPhases = (
				5A04004417E884FE4C3EF324 /* [CP] Check Pods Manifest.lock */,
				3A8D7F5621BCCCD900C8AE57 /* Sources */,
				3A8D7F5721BCCCD900C8AE57 /* Frameworks */,
				3A8D7F5821BCCCD900C8AE57 /* Resources */,
				E7BAE80F428D8692F0BE1698 /* [CP] Embed Pods Frameworks */,
			);
			buildRules = (
			);
			dependencies = (
			);
			name = LoginWithRxAndMvp;
			productName = LoginWithRxAndMvp;
			productReference = 3A8D7F5A21BCCCD900C8AE57 /* LoginWithRxAndMvp.app */;
			productType = "com.apple.product-type.application";
		};
		3A8D7F7021BCCCDB00C8AE57 /* LoginWithRxAndMvpTests */ = {
			isa = PBXNativeTarget;
			buildConfigurationList = 3A8D7F7D21BCCCDB00C8AE57 /* Build configuration list for PBXNativeTarget "LoginWithRxAndMvpTests" */;
			buildPhases = (
				12B6BC8E5BB8C741BF42359A /* [CP] Check Pods Manifest.lock */,
				3A8D7F6D21BCCCDB00C8AE57 /* Sources */,
				3A8D7F6E21BCCCDB00C8AE57 /* Frameworks */,
				3A8D7F6F21BCCCDB00C8AE57 /* Resources */,
			);
			buildRules = (
			);
			dependencies = (
				3A8D7F7321BCCCDB00C8AE57 /* PBXTargetDependency */,
			);
			name = LoginWithRxAndMvpTests;
			productName = LoginWithRxAndMvpTests;
			productReference = 3A8D7F7121BCCCDB00C8AE57 /* LoginWithRxAndMvpTests.xctest */;
			productType = "com.apple.product-type.bundle.unit-test";
		};
/* End PBXNativeTarget section */

/* Begin PBXProject section */
		3A8D7F5221BCCCD900C8AE57 /* Project object */ = {
			isa = PBXProject;
			attributes = {
				LastSwiftUpdateCheck = 1010;
				LastUpgradeCheck = 1010;
				ORGANIZATIONNAME = "Subrat Gyawali";
				TargetAttributes = {
					3A8D7F5921BCCCD900C8AE57 = {
						CreatedOnToolsVersion = 10.1;
					};
					3A8D7F7021BCCCDB00C8AE57 = {
						CreatedOnToolsVersion = 10.1;
						TestTargetID = 3A8D7F5921BCCCD900C8AE57;
					};
				};
			};
			buildConfigurationList = 3A8D7F5521BCCCD900C8AE57 /* Build configuration list for PBXProject "LoginWithRxAndMvp" */;
			compatibilityVersion = "Xcode 9.3";
			developmentRegion = en;
			hasScannedForEncodings = 0;
			knownRegions = (
				en,
				Base,
			);
			mainGroup = 3A8D7F5121BCCCD900C8AE57;
			productRefGroup = 3A8D7F5B21BCCCD900C8AE57 /* Products */;
			projectDirPath = "";
			projectRoot = "";
			targets = (
				3A8D7F5921BCCCD900C8AE57 /* LoginWithRxAndMvp */,
				3A8D7F7021BCCCDB00C8AE57 /* LoginWithRxAndMvpTests */,
			);
		};
/* End PBXProject section */

/* Begin PBXResourcesBuildPhase section */
		3A8D7F5821BCCCD900C8AE57 /* Resources */ = {
			isa = PBXResourcesBuildPhase;
			buildActionMask = 2147483647;
			files = (
				3A8D7F6B21BCCCDA00C8AE57 /* LaunchScreen.storyboard in Resources */,
				3A8D7F6821BCCCDA00C8AE57 /* Assets.xcassets in Resources */,
				3A8D7F6321BCCCD900C8AE57 /* Main.storyboard in Resources */,
			);
			runOnlyForDeploymentPostprocessing = 0;
		};
		3A8D7F6F21BCCCDB00C8AE57 /* Resources */ = {
			isa = PBXResourcesBuildPhase;
			buildActionMask = 2147483647;
			files = (
			);
			runOnlyForDeploymentPostprocessing = 0;
		};
/* End PBXResourcesBuildPhase section */

/* Begin PBXShellScriptBuildPhase section */
		12B6BC8E5BB8C741BF42359A /* [CP] Check Pods Manifest.lock */ = {
			isa = PBXShellScriptBuildPhase;
			buildActionMask = 2147483647;
			files = (
			);
			inputFileListPaths = (
			);
			inputPaths = (
				"${PODS_PODFILE_DIR_PATH}/Podfile.lock",
				"${PODS_ROOT}/Manifest.lock",
			);
			name = "[CP] Check Pods Manifest.lock";
			outputFileListPaths = (
			);
			outputPaths = (
				"$(DERIVED_FILE_DIR)/Pods-LoginWithRxAndMvpTests-checkManifestLockResult.txt",
			);
			runOnlyForDeploymentPostprocessing = 0;
			shellPath = /bin/sh;
			shellScript = "diff \"${PODS_PODFILE_DIR_PATH}/Podfile.lock\" \"${PODS_ROOT}/Manifest.lock\" > /dev/null\nif [ $? != 0 ] ; then\n    # print error to STDERR\n    echo \"error: The sandbox is not in sync with the Podfile.lock. Run 'pod install' or update your CocoaPods installation.\" >&2\n    exit 1\nfi\n# This output is used by Xcode 'outputs' to avoid re-running this script phase.\necho \"SUCCESS\" > \"${SCRIPT_OUTPUT_FILE_0}\"\n";
			showEnvVarsInLog = 0;
		};
		5A04004417E884FE4C3EF324 /* [CP] Check Pods Manifest.lock */ = {
			isa = PBXShellScriptBuildPhase;
			buildActionMask = 2147483647;
			files = (
			);
			inputFileListPaths = (
			);
			inputPaths = (
				"${PODS_PODFILE_DIR_PATH}/Podfile.lock",
				"${PODS_ROOT}/Manifest.lock",
			);
			name = "[CP] Check Pods Manifest.lock";
			outputFileListPaths = (
			);
			outputPaths = (
				"$(DERIVED_FILE_DIR)/Pods-LoginWithRxAndMvp-checkManifestLockResult.txt",
			);
			runOnlyForDeploymentPostprocessing = 0;
			shellPath = /bin/sh;
			shellScript = "diff \"${PODS_PODFILE_DIR_PATH}/Podfile.lock\" \"${PODS_ROOT}/Manifest.lock\" > /dev/null\nif [ $? != 0 ] ; then\n    # print error to STDERR\n    echo \"error: The sandbox is not in sync with the Podfile.lock. Run 'pod install' or update your CocoaPods installation.\" >&2\n    exit 1\nfi\n# This output is used by Xcode 'outputs' to avoid re-running this script phase.\necho \"SUCCESS\" > \"${SCRIPT_OUTPUT_FILE_0}\"\n";
			showEnvVarsInLog = 0;
		};
		E7BAE80F428D8692F0BE1698 /* [CP] Embed Pods Frameworks */ = {
			isa = PBXShellScriptBuildPhase;
			buildActionMask = 2147483647;
			files = (
			);
			inputFileListPaths = (
			);
			inputPaths = (
				"${PODS_ROOT}/Target Support Files/Pods-LoginWithRxAndMvp/Pods-LoginWithRxAndMvp-frameworks.sh",
				"${BUILT_PRODUCTS_DIR}/Alamofire/Alamofire.framework",
				"${BUILT_PRODUCTS_DIR}/AlamofireObjectMapper/AlamofireObjectMapper.framework",
				"${BUILT_PRODUCTS_DIR}/ObjectMapper/ObjectMapper.framework",
				"${BUILT_PRODUCTS_DIR}/RxAlamofire/RxAlamofire.framework",
				"${BUILT_PRODUCTS_DIR}/RxAtomic/RxAtomic.framework",
				"${BUILT_PRODUCTS_DIR}/RxSwift/RxSwift.framework",
			);
			name = "[CP] Embed Pods Frameworks";
			outputFileListPaths = (
			);
			outputPaths = (
				"${TARGET_BUILD_DIR}/${FRAMEWORKS_FOLDER_PATH}/Alamofire.framework",
				"${TARGET_BUILD_DIR}/${FRAMEWORKS_FOLDER_PATH}/AlamofireObjectMapper.framework",
				"${TARGET_BUILD_DIR}/${FRAMEWORKS_FOLDER_PATH}/ObjectMapper.framework",
				"${TARGET_BUILD_DIR}/${FRAMEWORKS_FOLDER_PATH}/RxAlamofire.framework",
				"${TARGET_BUILD_DIR}/${FRAMEWORKS_FOLDER_PATH}/RxAtomic.framework",
				"${TARGET_BUILD_DIR}/${FRAMEWORKS_FOLDER_PATH}/RxSwift.framework",
			);
			runOnlyForDeploymentPostprocessing = 0;
			shellPath = /bin/sh;
			shellScript = "\"${PODS_ROOT}/Target Support Files/Pods-LoginWithRxAndMvp/Pods-LoginWithRxAndMvp-frameworks.sh\"\n";
			showEnvVarsInLog = 0;
		};
/* End PBXShellScriptBuildPhase section */

/* Begin PBXSourcesBuildPhase section */
		3A8D7F5621BCCCD900C8AE57 /* Sources */ = {
			isa = PBXSourcesBuildPhase;
			buildActionMask = 2147483647;
			files = (
				3A8D7FB421BD23D300C8AE57 /* Extensions.swift in Sources */,
				3A8D7F9E21BCF06600C8AE57 /* BaseResponse.swift in Sources */,
				3A8D7FB221BD200500C8AE57 /* UserRouter.swift in Sources */,
				3A8D7FA321BCF26600C8AE57 /* LoginRequest.swift in Sources */,
				3A8D7FB721BD2D4400C8AE57 /* PreferenceManager.swift in Sources */,
				3A8D7FA521BCF26F00C8AE57 /* LoginResponse.swift in Sources */,
				3A8D7F9921BCEFD400C8AE57 /* UserLocalImpl.swift in Sources */,
				3A8D7F8F21BCEE7F00C8AE57 /* UserRepositoryImpl.swift in Sources */,
				3A8D7FAB21BD147A00C8AE57 /* Urls.swift in Sources */,
				3A8D7F6021BCCCD900C8AE57 /* LoginViewController.swift in Sources */,
				3A8D7F8721BCDAC700C8AE57 /* LoginContract.swift in Sources */,
				3A8D7F8221BCD9A100C8AE57 /* BasePresenter.swift in Sources */,
				3A8D7F9521BCEF8E00C8AE57 /* UserRemoteImpl.swift in Sources */,
				3A8D7F6621BCCCD900C8AE57 /* LoginWithRxAndMvp.xcdatamodeld in Sources */,
				3A8D7F8521BCDAAF00C8AE57 /* LoginPresenterImpl.swift in Sources */,
				3A8D7FA921BD146F00C8AE57 /* Utils.swift in Sources */,
				3A8D7F9321BCEF7E00C8AE57 /* UserRemoteRepo.swift in Sources */,
				3A8D7FAF21BD14A900C8AE57 /* NotNullMapper.swift in Sources */,
				3A8D7FAD21BD149100C8AE57 /* ObservableType.swift in Sources */,
				3A8D7F5E21BCCCD900C8AE57 /* AppDelegate.swift in Sources */,
				3A8D7FA021BCF0B600C8AE57 /* FailedResponseException.swift in Sources */,
				3A8D7F8D21BCEE6B00C8AE57 /* UserRepository.swift in Sources */,
				3A8D7F9721BCEFC600C8AE57 /* UserLocalRepo.swift in Sources */,
				3A8D7F9C21BCF05800C8AE57 /* ApiService.swift in Sources */,
			);
			runOnlyForDeploymentPostprocessing = 0;
		};
		3A8D7F6D21BCCCDB00C8AE57 /* Sources */ = {
			isa = PBXSourcesBuildPhase;
			buildActionMask = 2147483647;
			files = (
				3A8D7F7621BCCCDB00C8AE57 /* LoginWithRxAndMvpTests.swift in Sources */,
			);
			runOnlyForDeploymentPostprocessing = 0;
		};
/* End PBXSourcesBuildPhase section */

/* Begin PBXTargetDependency section */
		3A8D7F7321BCCCDB00C8AE57 /* PBXTargetDependency */ = {
			isa = PBXTargetDependency;
			target = 3A8D7F5921BCCCD900C8AE57 /* LoginWithRxAndMvp */;
			targetProxy = 3A8D7F7221BCCCDB00C8AE57 /* PBXContainerItemProxy */;
		};
/* End PBXTargetDependency section */

/* Begin PBXVariantGroup section */
		3A8D7F6121BCCCD900C8AE57 /* Main.storyboard */ = {
			isa = PBXVariantGroup;
			children = (
				3A8D7F6221BCCCD900C8AE57 /* Base */,
			);
			name = Main.storyboard;
			sourceTree = "<group>";
		};
		3A8D7F6921BCCCDA00C8AE57 /* LaunchScreen.storyboard */ = {
			isa = PBXVariantGroup;
			children = (
				3A8D7F6A21BCCCDA00C8AE57 /* Base */,
			);
			name = LaunchScreen.storyboard;
			sourceTree = "<group>";
		};
/* End PBXVariantGroup section */

/* Begin XCBuildConfiguration section */
		3A8D7F7821BCCCDB00C8AE57 /* Debug */ = {
			isa = XCBuildConfiguration;
			buildSettings = {
				ALWAYS_SEARCH_USER_PATHS = NO;
				CLANG_ANALYZER_NONNULL = YES;
				CLANG_ANALYZER_NUMBER_OBJECT_CONVERSION = YES_AGGRESSIVE;
				CLANG_CXX_LANGUAGE_STANDARD = "gnu++14";
				CLANG_CXX_LIBRARY = "libc++";
				CLANG_ENABLE_MODULES = YES;
				CLANG_ENABLE_OBJC_ARC = YES;
				CLANG_ENABLE_OBJC_WEAK = YES;
				CLANG_WARN_BLOCK_CAPTURE_AUTORELEASING = YES;
				CLANG_WARN_BOOL_CONVERSION = YES;
				CLANG_WARN_COMMA = YES;
				CLANG_WARN_CONSTANT_CONVERSION = YES;
				CLANG_WARN_DEPRECATED_OBJC_IMPLEMENTATIONS = YES;
				CLANG_WARN_DIRECT_OBJC_ISA_USAGE = YES_ERROR;
				CLANG_WARN_DOCUMENTATION_COMMENTS = YES;
				CLANG_WARN_EMPTY_BODY = YES;
				CLANG_WARN_ENUM_CONVERSION = YES;
				CLANG_WARN_INFINITE_RECURSION = YES;
				CLANG_WARN_INT_CONVERSION = YES;
				CLANG_WARN_NON_LITERAL_NULL_CONVERSION = YES;
				CLANG_WARN_OBJC_IMPLICIT_RETAIN_SELF = YES;
				CLANG_WARN_OBJC_LITERAL_CONVERSION = YES;
				CLANG_WARN_OBJC_ROOT_CLASS = YES_ERROR;
				CLANG_WARN_RANGE_LOOP_ANALYSIS = YES;
				CLANG_WARN_STRICT_PROTOTYPES = YES;
				CLANG_WARN_SUSPICIOUS_MOVE = YES;
				CLANG_WARN_UNGUARDED_AVAILABILITY = YES_AGGRESSIVE;
				CLANG_WARN_UNREACHABLE_CODE = YES;
				CLANG_WARN__DUPLICATE_METHOD_MATCH = YES;
				CODE_SIGN_IDENTITY = "iPhone Developer";
				COPY_PHASE_STRIP = NO;
				DEBUG_INFORMATION_FORMAT = dwarf;
				ENABLE_STRICT_OBJC_MSGSEND = YES;
				ENABLE_TESTABILITY = YES;
				GCC_C_LANGUAGE_STANDARD = gnu11;
				GCC_DYNAMIC_NO_PIC = NO;
				GCC_NO_COMMON_BLOCKS = YES;
				GCC_OPTIMIZATION_LEVEL = 0;
				GCC_PREPROCESSOR_DEFINITIONS = (
					"DEBUG=1",
					"$(inherited)",
				);
				GCC_WARN_64_TO_32_BIT_CONVERSION = YES;
				GCC_WARN_ABOUT_RETURN_TYPE = YES_ERROR;
				GCC_WARN_UNDECLARED_SELECTOR = YES;
				GCC_WARN_UNINITIALIZED_AUTOS = YES_AGGRESSIVE;
				GCC_WARN_UNUSED_FUNCTION = YES;
				GCC_WARN_UNUSED_VARIABLE = YES;
				IPHONEOS_DEPLOYMENT_TARGET = 12.1;
				MTL_ENABLE_DEBUG_INFO = INCLUDE_SOURCE;
				MTL_FAST_MATH = YES;
				ONLY_ACTIVE_ARCH = YES;
				SDKROOT = iphoneos;
				SWIFT_ACTIVE_COMPILATION_CONDITIONS = DEBUG;
				SWIFT_OPTIMIZATION_LEVEL = "-Onone";
			};
			name = Debug;
		};
		3A8D7F7921BCCCDB00C8AE57 /* Release */ = {
			isa = XCBuildConfiguration;
			buildSettings = {
				ALWAYS_SEARCH_USER_PATHS = NO;
				CLANG_ANALYZER_NONNULL = YES;
				CLANG_ANALYZER_NUMBER_OBJECT_CONVERSION = YES_AGGRESSIVE;
				CLANG_CXX_LANGUAGE_STANDARD = "gnu++14";
				CLANG_CXX_LIBRARY = "libc++";
				CLANG_ENABLE_MODULES = YES;
				CLANG_ENABLE_OBJC_ARC = YES;
				CLANG_ENABLE_OBJC_WEAK = YES;
				CLANG_WARN_BLOCK_CAPTURE_AUTORELEASING = YES;
				CLANG_WARN_BOOL_CONVERSION = YES;
				CLANG_WARN_COMMA = YES;
				CLANG_WARN_CONSTANT_CONVERSION = YES;
				CLANG_WARN_DEPRECATED_OBJC_IMPLEMENTATIONS = YES;
				CLANG_WARN_DIRECT_OBJC_ISA_USAGE = YES_ERROR;
				CLANG_WARN_DOCUMENTATION_COMMENTS = YES;
				CLANG_WARN_EMPTY_BODY = YES;
				CLANG_WARN_ENUM_CONVERSION = YES;
				CLANG_WARN_INFINITE_RECURSION = YES;
				CLANG_WARN_INT_CONVERSION = YES;
				CLANG_WARN_NON_LITERAL_NULL_CONVERSION = YES;
				CLANG_WARN_OBJC_IMPLICIT_RETAIN_SELF = YES;
				CLANG_WARN_OBJC_LITERAL_CONVERSION = YES;
				CLANG_WARN_OBJC_ROOT_CLASS = YES_ERROR;
				CLANG_WARN_RANGE_LOOP_ANALYSIS = YES;
				CLANG_WARN_STRICT_PROTOTYPES = YES;
				CLANG_WARN_SUSPICIOUS_MOVE = YES;
				CLANG_WARN_UNGUARDED_AVAILABILITY = YES_AGGRESSIVE;
				CLANG_WARN_UNREACHABLE_CODE = YES;
				CLANG_WARN__DUPLICATE_METHOD_MATCH = YES;
				CODE_SIGN_IDENTITY = "iPhone Developer";
				COPY_PHASE_STRIP = NO;
				DEBUG_INFORMATION_FORMAT = "dwarf-with-dsym";
				ENABLE_NS_ASSERTIONS = NO;
				ENABLE_STRICT_OBJC_MSGSEND = YES;
				GCC_C_LANGUAGE_STANDARD = gnu11;
				GCC_NO_COMMON_BLOCKS = YES;
				GCC_WARN_64_TO_32_BIT_CONVERSION = YES;
				GCC_WARN_ABOUT_RETURN_TYPE = YES_ERROR;
				GCC_WARN_UNDECLARED_SELECTOR = YES;
				GCC_WARN_UNINITIALIZED_AUTOS = YES_AGGRESSIVE;
				GCC_WARN_UNUSED_FUNCTION = YES;
				GCC_WARN_UNUSED_VARIABLE = YES;
				IPHONEOS_DEPLOYMENT_TARGET = 12.1;
				MTL_ENABLE_DEBUG_INFO = NO;
				MTL_FAST_MATH = YES;
				SDKROOT = iphoneos;
				SWIFT_COMPILATION_MODE = wholemodule;
				SWIFT_OPTIMIZATION_LEVEL = "-O";
				VALIDATE_PRODUCT = YES;
			};
			name = Release;
		};
		3A8D7F7B21BCCCDB00C8AE57 /* Debug */ = {
			isa = XCBuildConfiguration;
			baseConfigurationReference = DB4A5C9B18B2AE88D095A3FF /* Pods-LoginWithRxAndMvp.debug.xcconfig */;
			buildSettings = {
				ASSETCATALOG_COMPILER_APPICON_NAME = AppIcon;
				CODE_SIGN_STYLE = Automatic;
				DEVELOPMENT_TEAM = FFPU352AJ9;
				INFOPLIST_FILE = LoginWithRxAndMvp/Info.plist;
				LD_RUNPATH_SEARCH_PATHS = (
					"$(inherited)",
					"@executable_path/Frameworks",
				);
				PRODUCT_BUNDLE_IDENTIFIER = np.com.subrat.LoginWithRxAndMvp;
				PRODUCT_NAME = "$(TARGET_NAME)";
				SWIFT_VERSION = 4.2;
				TARGETED_DEVICE_FAMILY = "1,2";
			};
			name = Debug;
		};
		3A8D7F7C21BCCCDB00C8AE57 /* Release */ = {
			isa = XCBuildConfiguration;
			baseConfigurationReference = E4CCBC2CDB29C37372A4FF9A /* Pods-LoginWithRxAndMvp.release.xcconfig */;
			buildSettings = {
				ASSETCATALOG_COMPILER_APPICON_NAME = AppIcon;
				CODE_SIGN_STYLE = Automatic;
				DEVELOPMENT_TEAM = FFPU352AJ9;
				INFOPLIST_FILE = LoginWithRxAndMvp/Info.plist;
				LD_RUNPATH_SEARCH_PATHS = (
					"$(inherited)",
					"@executable_path/Frameworks",
				);
				PRODUCT_BUNDLE_IDENTIFIER = np.com.subrat.LoginWithRxAndMvp;
				PRODUCT_NAME = "$(TARGET_NAME)";
				SWIFT_VERSION = 4.2;
				TARGETED_DEVICE_FAMILY = "1,2";
			};
			name = Release;
		};
		3A8D7F7E21BCCCDB00C8AE57 /* Debug */ = {
			isa = XCBuildConfiguration;
			baseConfigurationReference = 2B72C52BD80CAED52DB099AA /* Pods-LoginWithRxAndMvpTests.debug.xcconfig */;
			buildSettings = {
				ALWAYS_EMBED_SWIFT_STANDARD_LIBRARIES = YES;
				BUNDLE_LOADER = "$(TEST_HOST)";
				CODE_SIGN_STYLE = Automatic;
				DEVELOPMENT_TEAM = FFPU352AJ9;
				INFOPLIST_FILE = LoginWithRxAndMvpTests/Info.plist;
				LD_RUNPATH_SEARCH_PATHS = (
					"$(inherited)",
					"@executable_path/Frameworks",
					"@loader_path/Frameworks",
				);
				PRODUCT_BUNDLE_IDENTIFIER = np.com.subrat.LoginWithRxAndMvpTests;
				PRODUCT_NAME = "$(TARGET_NAME)";
				SWIFT_VERSION = 4.2;
				TARGETED_DEVICE_FAMILY = "1,2";
				TEST_HOST = "$(BUILT_PRODUCTS_DIR)/LoginWithRxAndMvp.app/LoginWithRxAndMvp";
			};
			name = Debug;
		};
		3A8D7F7F21BCCCDB00C8AE57 /* Release */ = {
			isa = XCBuildConfiguration;
			baseConfigurationReference = 572D71F5B02F2C84E4EE9579 /* Pods-LoginWithRxAndMvpTests.release.xcconfig */;
			buildSettings = {
				ALWAYS_EMBED_SWIFT_STANDARD_LIBRARIES = YES;
				BUNDLE_LOADER = "$(TEST_HOST)";
				CODE_SIGN_STYLE = Automatic;
				DEVELOPMENT_TEAM = FFPU352AJ9;
				INFOPLIST_FILE = LoginWithRxAndMvpTests/Info.plist;
				LD_RUNPATH_SEARCH_PATHS = (
					"$(inherited)",
					"@executable_path/Frameworks",
					"@loader_path/Frameworks",
				);
				PRODUCT_BUNDLE_IDENTIFIER = np.com.subrat.LoginWithRxAndMvpTests;
				PRODUCT_NAME = "$(TARGET_NAME)";
				SWIFT_VERSION = 4.2;
				TARGETED_DEVICE_FAMILY = "1,2";
				TEST_HOST = "$(BUILT_PRODUCTS_DIR)/LoginWithRxAndMvp.app/LoginWithRxAndMvp";
			};
			name = Release;
		};
/* End XCBuildConfiguration section */

/* Begin XCConfigurationList section */
		3A8D7F5521BCCCD900C8AE57 /* Build configuration list for PBXProject "LoginWithRxAndMvp" */ = {
			isa = XCConfigurationList;
			buildConfigurations = (
				3A8D7F7821BCCCDB00C8AE57 /* Debug */,
				3A8D7F7921BCCCDB00C8AE57 /* Release */,
			);
			defaultConfigurationIsVisible = 0;
			defaultConfigurationName = Release;
		};
		3A8D7F7A21BCCCDB00C8AE57 /* Build configuration list for PBXNativeTarget "LoginWithRxAndMvp" */ = {
			isa = XCConfigurationList;
			buildConfigurations = (
				3A8D7F7B21BCCCDB00C8AE57 /* Debug */,
				3A8D7F7C21BCCCDB00C8AE57 /* Release */,
			);
			defaultConfigurationIsVisible = 0;
			defaultConfigurationName = Release;
		};
		3A8D7F7D21BCCCDB00C8AE57 /* Build configuration list for PBXNativeTarget "LoginWithRxAndMvpTests" */ = {
			isa = XCConfigurationList;
			buildConfigurations = (
				3A8D7F7E21BCCCDB00C8AE57 /* Debug */,
				3A8D7F7F21BCCCDB00C8AE57 /* Release */,
			);
			defaultConfigurationIsVisible = 0;
			defaultConfigurationName = Release;
		};
/* End XCConfigurationList section */

/* Begin XCVersionGroup section */
		3A8D7F6421BCCCD900C8AE57 /* LoginWithRxAndMvp.xcdatamodeld */ = {
			isa = XCVersionGroup;
			children = (
				3A8D7F6521BCCCD900C8AE57 /* LoginWithRxAndMvp.xcdatamodel */,
			);
			currentVersion = 3A8D7F6521BCCCD900C8AE57 /* LoginWithRxAndMvp.xcdatamodel */;
			path = LoginWithRxAndMvp.xcdatamodeld;
			sourceTree = "<group>";
			versionGroupType = wrapper.xcdatamodel;
		};
/* End XCVersionGroup section */
	};
	rootObject = 3A8D7F5221BCCCD900C8AE57 /* Project object */;
}
